
Microsoft Visual Studio Solution File, Format Version 12.00
# Visual Studio Version 16
VisualStudioVersion = 16.0.31005.135
MinimumVisualStudioVersion = 10.0.40219.1
Project("{FAE04EC0-301F-11D3-BF4B-00C04F79EFBC}") = "CRC_RETELE", "CRC_RETELE.csproj", "{1ECD8D41-BCFC-4896-AB25-C3A87CC0F0E8}"
EndProject
Global
	GlobalSection(SolutionConfigurationPlatforms) = preSolution
		Debug|Any CPU = Debug|Any CPU
		Release|Any CPU = Release|Any CPU
	EndGlobalSection
	GlobalSection(ProjectConfigurationPlatforms) = postSolution
		{1ECD8D41-BCFC-4896-AB25-C3A87CC0F0E8}.Debug|Any CPU.ActiveCfg = Debug|Any CPU
		{1ECD8D41-BCFC-4896-AB25-C3A87CC0F0E8}.Debug|Any CPU.Build.0 = Debug|Any CPU
		{1ECD8D41-BCFC-4896-AB25-C3A87CC0F0E8}.Release|Any CPU.ActiveCfg = Release|Any CPU
		{1ECD8D41-BCFC-4896-AB25-C3A87CC0F0E8}.Release|Any CPU.Build.0 = Release|Any CPU
	EndGlobalSection
	GlobalSection(SolutionProperties) = preSolution
		HideSolutionNode = FALSE
	EndGlobalSection
	GlobalSection(ExtensibilityGlobals) = postSolution
		SolutionGuid = {7E510B1F-C0D2-4A03-AD52-A934A53B4639}
	EndGlobalSection
EndGlobal
